
Microsoft Visual Studio Solution File, Format Version 12.00
# Visual Studio Version 17
VisualStudioVersion = 17.7.34031.279
MinimumVisualStudioVersion = 10.0.40219.1
Project("{FAE04EC0-301F-11D3-BF4B-00C04F79EFBC}") = "SmartKeys", "SmartKeys.csproj", "{A1047433-209A-4FBE-B05D-FD5C12051589}"
EndProject
Global
	GlobalSection(SolutionConfigurationPlatforms) = preSolution
		Debug|Any CPU = Debug|Any CPU
		Release|Any CPU = Release|Any CPU
	EndGlobalSection
	GlobalSection(ProjectConfigurationPlatforms) = postSolution
		{A1047433-209A-4FBE-B05D-FD5C12051589}.Debug|Any CPU.ActiveCfg = Debug|Any CPU
		{A1047433-209A-4FBE-B05D-FD5C12051589}.Debug|Any CPU.Build.0 = Debug|Any CPU
		{A1047433-209A-4FBE-B05D-FD5C12051589}.Release|Any CPU.ActiveCfg = Release|Any CPU
		{A1047433-209A-4FBE-B05D-FD5C12051589}.Release|Any CPU.Build.0 = Release|Any CPU
	EndGlobalSection
	GlobalSection(SolutionProperties) = preSolution
		HideSolutionNode = FALSE
	EndGlobalSection
	GlobalSection(ExtensibilityGlobals) = postSolution
		SolutionGuid = {92C54FCF-B218-4CE9-A188-779C7ACD673E}
	EndGlobalSection
EndGlobal
